
Microsoft Visual Studio Solution File, Format Version 12.00
# Visual Studio Version 17
VisualStudioVersion = 17.4.33213.308
MinimumVisualStudioVersion = 10.0.40219.1
Project("{FAE04EC0-301F-11D3-BF4B-00C04F79EFBC}") = "HelpPeople", "HelpPeople.csproj", "{594CAA27-B59F-4701-A65F-4116427A838A}"
EndProject
Global
	GlobalSection(SolutionConfigurationPlatforms) = preSolution
		Debug|Any CPU = Debug|Any CPU
		Release|Any CPU = Release|Any CPU
	EndGlobalSection
	GlobalSection(ProjectConfigurationPlatforms) = postSolution
		{594CAA27-B59F-4701-A65F-4116427A838A}.Debug|Any CPU.ActiveCfg = Debug|Any CPU
		{594CAA27-B59F-4701-A65F-4116427A838A}.Debug|Any CPU.Build.0 = Debug|Any CPU
		{594CAA27-B59F-4701-A65F-4116427A838A}.Release|Any CPU.ActiveCfg = Release|Any CPU
		{594CAA27-B59F-4701-A65F-4116427A838A}.Release|Any CPU.Build.0 = Release|Any CPU
	EndGlobalSection
	GlobalSection(SolutionProperties) = preSolution
		HideSolutionNode = FALSE
	EndGlobalSection
	GlobalSection(ExtensibilityGlobals) = postSolution
		SolutionGuid = {C3D4AD57-971A-418B-8C68-0CCECA274E50}
	EndGlobalSection
EndGlobal
